
Microsoft Visual Studio Solution File, Format Version 12.00
# Visual Studio Version 17
VisualStudioVersion = 17.4.33213.308
MinimumVisualStudioVersion = 10.0.40219.1
Project("{FAE04EC0-301F-11D3-BF4B-00C04F79EFBC}") = "Labb7-OOP Polymorphism", "Labb7-OOP Polymorphism.csproj", "{D1B3B686-0918-4A83-9AE1-F6BBDF13C292}"
EndProject
Global
	GlobalSection(SolutionConfigurationPlatforms) = preSolution
		Debug|Any CPU = Debug|Any CPU
		Release|Any CPU = Release|Any CPU
	EndGlobalSection
	GlobalSection(ProjectConfigurationPlatforms) = postSolution
		{D1B3B686-0918-4A83-9AE1-F6BBDF13C292}.Debug|Any CPU.ActiveCfg = Debug|Any CPU
		{D1B3B686-0918-4A83-9AE1-F6BBDF13C292}.Debug|Any CPU.Build.0 = Debug|Any CPU
		{D1B3B686-0918-4A83-9AE1-F6BBDF13C292}.Release|Any CPU.ActiveCfg = Release|Any CPU
		{D1B3B686-0918-4A83-9AE1-F6BBDF13C292}.Release|Any CPU.Build.0 = Release|Any CPU
	EndGlobalSection
	GlobalSection(SolutionProperties) = preSolution
		HideSolutionNode = FALSE
	EndGlobalSection
	GlobalSection(ExtensibilityGlobals) = postSolution
		SolutionGuid = {18AFB316-EFAF-4699-82A1-B65896349EE6}
	EndGlobalSection
EndGlobal
